
Microsoft Visual Studio Solution File, Format Version 12.00
# Visual Studio 15
VisualStudioVersion = 15.0.28010.2046
MinimumVisualStudioVersion = 10.0.40219.1
Project("{9A19103F-16F7-4668-BE54-9A1E7A4F7556}") = "Utilities", "Utilities\Utilities.csproj", "{D3C16DD3-B623-4CA2-9C47-F42300A64E15}"
EndProject
Project("{9A19103F-16F7-4668-BE54-9A1E7A4F7556}") = "Utilities.Test", "Utilities.Test\Utilities.Test.csproj", "{71AD6DF7-C7BD-4406-9160-B79876EDEE99}"
EndProject
Project("{FAE04EC0-301F-11D3-BF4B-00C04F79EFBC}") = "Utilities.Benchmark", "Utilities.Benchmark\Utilities.Benchmark.csproj", "{66BB2F6C-26B1-48B9-9EFD-05FB87113285}"
EndProject
Global
	GlobalSection(SolutionConfigurationPlatforms) = preSolution
		Debug|Any CPU = Debug|Any CPU
		Release|Any CPU = Release|Any CPU
	EndGlobalSection
	GlobalSection(ProjectConfigurationPlatforms) = postSolution
		{D3C16DD3-B623-4CA2-9C47-F42300A64E15}.Debug|Any CPU.ActiveCfg = Debug|Any CPU
		{D3C16DD3-B623-4CA2-9C47-F42300A64E15}.Debug|Any CPU.Build.0 = Debug|Any CPU
		{D3C16DD3-B623-4CA2-9C47-F42300A64E15}.Release|Any CPU.ActiveCfg = Release|Any CPU
		{D3C16DD3-B623-4CA2-9C47-F42300A64E15}.Release|Any CPU.Build.0 = Release|Any CPU
		{71AD6DF7-C7BD-4406-9160-B79876EDEE99}.Debug|Any CPU.ActiveCfg = Debug|Any CPU
		{71AD6DF7-C7BD-4406-9160-B79876EDEE99}.Debug|Any CPU.Build.0 = Debug|Any CPU
		{71AD6DF7-C7BD-4406-9160-B79876EDEE99}.Release|Any CPU.ActiveCfg = Release|Any CPU
		{71AD6DF7-C7BD-4406-9160-B79876EDEE99}.Release|Any CPU.Build.0 = Release|Any CPU
		{66BB2F6C-26B1-48B9-9EFD-05FB87113285}.Debug|Any CPU.ActiveCfg = Debug|Any CPU
		{66BB2F6C-26B1-48B9-9EFD-05FB87113285}.Debug|Any CPU.Build.0 = Debug|Any CPU
		{66BB2F6C-26B1-48B9-9EFD-05FB87113285}.Release|Any CPU.ActiveCfg = Release|Any CPU
		{66BB2F6C-26B1-48B9-9EFD-05FB87113285}.Release|Any CPU.Build.0 = Release|Any CPU
	EndGlobalSection
	GlobalSection(SolutionProperties) = preSolution
		HideSolutionNode = FALSE
	EndGlobalSection
	GlobalSection(ExtensibilityGlobals) = postSolution
		SolutionGuid = {CF77BDA3-289D-434C-B641-E5A1B2B1DC16}
	EndGlobalSection
EndGlobal
